
Microsoft Visual Studio Solution File, Format Version 12.00
# Visual Studio 2013
VisualStudioVersion = 12.0.30501.0
MinimumVisualStudioVersion = 10.0.40219.1
Project("{FAE04EC0-301F-11D3-BF4B-00C04F79EFBC}") = "SPMeta2.Spec", "SPMeta2.Spec\SPMeta2.Spec.csproj", "{AE72928E-DB23-4A00-B6C8-2D3B6F74CD6F}"
EndProject
Project("{FAE04EC0-301F-11D3-BF4B-00C04F79EFBC}") = "SPMeta2.Spec.Tests", "SPMeta2.Spec.Tests\SPMeta2.Spec.Tests.csproj", "{63E16DD1-B885-4937-96A8-1FB109BC3076}"
EndProject
Project("{2150E333-8FDC-42A3-9474-1A3956D46DE8}") = ".nuget", ".nuget", "{D30944CF-F458-40F4-9060-910F64C11609}"
	ProjectSection(SolutionItems) = preProject
		.nuget\NuGet.Config = .nuget\NuGet.Config
		.nuget\NuGet.exe = .nuget\NuGet.exe
		.nuget\NuGet.targets = .nuget\NuGet.targets
	EndProjectSection
EndProject
Project("{FAE04EC0-301F-11D3-BF4B-00C04F79EFBC}") = "SpecIntranet.Model", "SpecIntranet.Model\SpecIntranet.Model.csproj", "{645A0056-95A8-4C14-9EFC-FBC9F727BBA8}"
EndProject
Project("{2150E333-8FDC-42A3-9474-1A3956D46DE8}") = "Tests", "Tests", "{85404F4D-2FD9-433B-829E-B73344D242AE}"
EndProject
Project("{2150E333-8FDC-42A3-9474-1A3956D46DE8}") = "_3rd party", "_3rd party", "{3E414585-48CD-4BF5-A51A-E8DEA00A11C3}"
	ProjectSection(SolutionItems) = preProject
		..\appveyor.yml = ..\appveyor.yml
		..\README.md = ..\README.md
	EndProjectSection
EndProject
Project("{2150E333-8FDC-42A3-9474-1A3956D46DE8}") = "Docs", "Docs", "{5B3CC357-B1D7-40CA-B927-7279A0B484FE}"
EndProject
Project("{FAE04EC0-301F-11D3-BF4B-00C04F79EFBC}") = "SubPointSolutions.Docs", "SubPointSolutions.Docs\SubPointSolutions.Docs.csproj", "{B30F6CA8-3E96-4734-B6B1-A61F201099E4}"
EndProject
Project("{FAE04EC0-301F-11D3-BF4B-00C04F79EFBC}") = "Build", "Build\Build.csproj", "{40D9D5BD-77EF-48FC-B0FF-B0C34AFDF81D}"
EndProject
Global
	GlobalSection(SolutionConfigurationPlatforms) = preSolution
		Debug|Any CPU = Debug|Any CPU
		Debug45|Any CPU = Debug45|Any CPU
		Release|Any CPU = Release|Any CPU
	EndGlobalSection
	GlobalSection(ProjectConfigurationPlatforms) = postSolution
		{AE72928E-DB23-4A00-B6C8-2D3B6F74CD6F}.Debug|Any CPU.ActiveCfg = Debug|Any CPU
		{AE72928E-DB23-4A00-B6C8-2D3B6F74CD6F}.Debug|Any CPU.Build.0 = Debug|Any CPU
		{AE72928E-DB23-4A00-B6C8-2D3B6F74CD6F}.Debug45|Any CPU.ActiveCfg = Debug45|Any CPU
		{AE72928E-DB23-4A00-B6C8-2D3B6F74CD6F}.Debug45|Any CPU.Build.0 = Debug45|Any CPU
		{AE72928E-DB23-4A00-B6C8-2D3B6F74CD6F}.Release|Any CPU.ActiveCfg = Release|Any CPU
		{AE72928E-DB23-4A00-B6C8-2D3B6F74CD6F}.Release|Any CPU.Build.0 = Release|Any CPU
		{63E16DD1-B885-4937-96A8-1FB109BC3076}.Debug|Any CPU.ActiveCfg = Debug|Any CPU
		{63E16DD1-B885-4937-96A8-1FB109BC3076}.Debug|Any CPU.Build.0 = Debug|Any CPU
		{63E16DD1-B885-4937-96A8-1FB109BC3076}.Debug45|Any CPU.ActiveCfg = Debug45|Any CPU
		{63E16DD1-B885-4937-96A8-1FB109BC3076}.Debug45|Any CPU.Build.0 = Debug45|Any CPU
		{63E16DD1-B885-4937-96A8-1FB109BC3076}.Release|Any CPU.ActiveCfg = Release|Any CPU
		{63E16DD1-B885-4937-96A8-1FB109BC3076}.Release|Any CPU.Build.0 = Release|Any CPU
		{645A0056-95A8-4C14-9EFC-FBC9F727BBA8}.Debug|Any CPU.ActiveCfg = Debug|Any CPU
		{645A0056-95A8-4C14-9EFC-FBC9F727BBA8}.Debug|Any CPU.Build.0 = Debug|Any CPU
		{645A0056-95A8-4C14-9EFC-FBC9F727BBA8}.Debug45|Any CPU.ActiveCfg = Debug45|Any CPU
		{645A0056-95A8-4C14-9EFC-FBC9F727BBA8}.Debug45|Any CPU.Build.0 = Debug45|Any CPU
		{645A0056-95A8-4C14-9EFC-FBC9F727BBA8}.Release|Any CPU.ActiveCfg = Release|Any CPU
		{645A0056-95A8-4C14-9EFC-FBC9F727BBA8}.Release|Any CPU.Build.0 = Release|Any CPU
		{B30F6CA8-3E96-4734-B6B1-A61F201099E4}.Debug|Any CPU.ActiveCfg = Debug|Any CPU
		{B30F6CA8-3E96-4734-B6B1-A61F201099E4}.Debug45|Any CPU.ActiveCfg = Debug|Any CPU
		{B30F6CA8-3E96-4734-B6B1-A61F201099E4}.Debug45|Any CPU.Build.0 = Debug|Any CPU
		{B30F6CA8-3E96-4734-B6B1-A61F201099E4}.Release|Any CPU.ActiveCfg = Release|Any CPU
		{B30F6CA8-3E96-4734-B6B1-A61F201099E4}.Release|Any CPU.Build.0 = Release|Any CPU
		{40D9D5BD-77EF-48FC-B0FF-B0C34AFDF81D}.Debug|Any CPU.ActiveCfg = Debug|Any CPU
		{40D9D5BD-77EF-48FC-B0FF-B0C34AFDF81D}.Debug45|Any CPU.ActiveCfg = Debug|Any CPU
		{40D9D5BD-77EF-48FC-B0FF-B0C34AFDF81D}.Debug45|Any CPU.Build.0 = Debug|Any CPU
		{40D9D5BD-77EF-48FC-B0FF-B0C34AFDF81D}.Release|Any CPU.ActiveCfg = Release|Any CPU
		{40D9D5BD-77EF-48FC-B0FF-B0C34AFDF81D}.Release|Any CPU.Build.0 = Release|Any CPU
	EndGlobalSection
	GlobalSection(SolutionProperties) = preSolution
		HideSolutionNode = FALSE
	EndGlobalSection
	GlobalSection(NestedProjects) = preSolution
		{63E16DD1-B885-4937-96A8-1FB109BC3076} = {85404F4D-2FD9-433B-829E-B73344D242AE}
		{645A0056-95A8-4C14-9EFC-FBC9F727BBA8} = {85404F4D-2FD9-433B-829E-B73344D242AE}
		{B30F6CA8-3E96-4734-B6B1-A61F201099E4} = {5B3CC357-B1D7-40CA-B927-7279A0B484FE}
		{40D9D5BD-77EF-48FC-B0FF-B0C34AFDF81D} = {3E414585-48CD-4BF5-A51A-E8DEA00A11C3}
	EndGlobalSection
EndGlobal
